
Microsoft Visual Studio Solution File, Format Version 12.00
# Visual Studio 15
VisualStudioVersion = 15.0.28307.902
MinimumVisualStudioVersion = 10.0.40219.1
Project("{8BC9CEB8-8B4A-11D0-8D11-00A0C91BC942}") = "ComputerSystem_3_Code", "ComputerSystem_3_Code\ComputerSystem_3_Code.vcxproj", "{9C92E86B-5143-4F2E-BD86-555524C65CFC}"
EndProject
Global
	GlobalSection(SolutionConfigurationPlatforms) = preSolution
		Debug|x64 = Debug|x64
		Debug|x86 = Debug|x86
		Release|x64 = Release|x64
		Release|x86 = Release|x86
	EndGlobalSection
	GlobalSection(ProjectConfigurationPlatforms) = postSolution
		{9C92E86B-5143-4F2E-BD86-555524C65CFC}.Debug|x64.ActiveCfg = Debug|x64
		{9C92E86B-5143-4F2E-BD86-555524C65CFC}.Debug|x64.Build.0 = Debug|x64
		{9C92E86B-5143-4F2E-BD86-555524C65CFC}.Debug|x86.ActiveCfg = Debug|Win32
		{9C92E86B-5143-4F2E-BD86-555524C65CFC}.Debug|x86.Build.0 = Debug|Win32
		{9C92E86B-5143-4F2E-BD86-555524C65CFC}.Release|x64.ActiveCfg = Release|x64
		{9C92E86B-5143-4F2E-BD86-555524C65CFC}.Release|x64.Build.0 = Release|x64
		{9C92E86B-5143-4F2E-BD86-555524C65CFC}.Release|x86.ActiveCfg = Release|Win32
		{9C92E86B-5143-4F2E-BD86-555524C65CFC}.Release|x86.Build.0 = Release|Win32
	EndGlobalSection
	GlobalSection(SolutionProperties) = preSolution
		HideSolutionNode = FALSE
	EndGlobalSection
	GlobalSection(ExtensibilityGlobals) = postSolution
		SolutionGuid = {16D875B2-9BCB-48A2-8075-3D0C720ECC5F}
	EndGlobalSection
EndGlobal
