
Microsoft Visual Studio Solution File, Format Version 11.00
# Visual Studio 2010
Project("{FAE04EC0-301F-11D3-BF4B-00C04F79EFBC}") = "AstarPathfindingProject", "AstarPathfindingProject.csproj", "{8e09d3d0-8367-57c5-c906-594cfd779a3c}"
EndProject
Project("{FAE04EC0-301F-11D3-BF4B-00C04F79EFBC}") = "SuperTiled2Unity", "SuperTiled2Unity.csproj", "{c5c3f666-b892-7a68-c967-ca22be935d22}"
EndProject
Project("{FAE04EC0-301F-11D3-BF4B-00C04F79EFBC}") = "NavMeshPlus", "NavMeshPlus.csproj", "{ed75950d-5e2a-dc06-6b5c-e1c2a2fd22b1}"
EndProject
Project("{FAE04EC0-301F-11D3-BF4B-00C04F79EFBC}") = "SuperTiled2UnityEditor", "SuperTiled2UnityEditor.csproj", "{1d550b82-1cd1-b177-9ba3-79dafcfdf517}"
EndProject
Project("{FAE04EC0-301F-11D3-BF4B-00C04F79EFBC}") = "PackageToolsEditor", "PackageToolsEditor.csproj", "{56d81584-ed63-4c7b-cec8-600a5291f7fe}"
EndProject
Project("{FAE04EC0-301F-11D3-BF4B-00C04F79EFBC}") = "AstarPathfindingProjectEditor", "AstarPathfindingProjectEditor.csproj", "{66411e91-82fc-2625-1818-efd637e11bbb}"
EndProject
Project("{FAE04EC0-301F-11D3-BF4B-00C04F79EFBC}") = "NavMeshPlusEditor", "NavMeshPlusEditor.csproj", "{f8d5898d-9667-b94d-1b8b-2c5e1526659f}"
EndProject
Global
	GlobalSection(SolutionConfigurationPlatforms) = preSolution
		Debug|Any CPU = Debug|Any CPU
	EndGlobalSection
	GlobalSection(ProjectConfigurationPlatforms) = postSolution
		{8e09d3d0-8367-57c5-c906-594cfd779a3c}.Debug|Any CPU.ActiveCfg = Debug|Any CPU
		{8e09d3d0-8367-57c5-c906-594cfd779a3c}.Debug|Any CPU.Build.0 = Debug|Any CPU
		{c5c3f666-b892-7a68-c967-ca22be935d22}.Debug|Any CPU.ActiveCfg = Debug|Any CPU
		{c5c3f666-b892-7a68-c967-ca22be935d22}.Debug|Any CPU.Build.0 = Debug|Any CPU
		{ed75950d-5e2a-dc06-6b5c-e1c2a2fd22b1}.Debug|Any CPU.ActiveCfg = Debug|Any CPU
		{ed75950d-5e2a-dc06-6b5c-e1c2a2fd22b1}.Debug|Any CPU.Build.0 = Debug|Any CPU
		{1d550b82-1cd1-b177-9ba3-79dafcfdf517}.Debug|Any CPU.ActiveCfg = Debug|Any CPU
		{1d550b82-1cd1-b177-9ba3-79dafcfdf517}.Debug|Any CPU.Build.0 = Debug|Any CPU
		{56d81584-ed63-4c7b-cec8-600a5291f7fe}.Debug|Any CPU.ActiveCfg = Debug|Any CPU
		{56d81584-ed63-4c7b-cec8-600a5291f7fe}.Debug|Any CPU.Build.0 = Debug|Any CPU
		{66411e91-82fc-2625-1818-efd637e11bbb}.Debug|Any CPU.ActiveCfg = Debug|Any CPU
		{66411e91-82fc-2625-1818-efd637e11bbb}.Debug|Any CPU.Build.0 = Debug|Any CPU
		{f8d5898d-9667-b94d-1b8b-2c5e1526659f}.Debug|Any CPU.ActiveCfg = Debug|Any CPU
		{f8d5898d-9667-b94d-1b8b-2c5e1526659f}.Debug|Any CPU.Build.0 = Debug|Any CPU
	EndGlobalSection
	GlobalSection(SolutionProperties) = preSolution
		HideSolutionNode = FALSE
	EndGlobalSection
EndGlobal
